
Microsoft Visual Studio Solution File, Format Version 12.00
# Visual Studio Version 17
VisualStudioVersion = 17.0.31903.59
MinimumVisualStudioVersion = 10.0.40219.1
Project("{FAE04EC0-301F-11D3-BF4B-00C04F79EFBC}") = "CiAgent.Cli", "CiAgent.Cli\CiAgent.Cli.csproj", "{F1C59339-7E21-45CF-909D-B0588B97563F}"
EndProject
Project("{FAE04EC0-301F-11D3-BF4B-00C04F79EFBC}") = "CiAgent.Core", "CiAgent.Core\CiAgent.Core.csproj", "{CC36478D-484E-4AEA-A2B7-EEA685D2647E}"
EndProject
Project("{FAE04EC0-301F-11D3-BF4B-00C04F79EFBC}") = "CiAgent.Tests", "CiAgent.Tests\CiAgent.Tests.csproj", "{9E7132C4-A968-4E57-9300-8454BDCFB54E}"
EndProject
Global
	GlobalSection(SolutionConfigurationPlatforms) = preSolution
		Debug|Any CPU = Debug|Any CPU
		Release|Any CPU = Release|Any CPU
	EndGlobalSection
	GlobalSection(SolutionProperties) = preSolution
		HideSolutionNode = FALSE
	EndGlobalSection
	GlobalSection(ProjectConfigurationPlatforms) = postSolution
		{F1C59339-7E21-45CF-909D-B0588B97563F}.Debug|Any CPU.ActiveCfg = Debug|Any CPU
		{F1C59339-7E21-45CF-909D-B0588B97563F}.Debug|Any CPU.Build.0 = Debug|Any CPU
		{F1C59339-7E21-45CF-909D-B0588B97563F}.Release|Any CPU.ActiveCfg = Release|Any CPU
		{F1C59339-7E21-45CF-909D-B0588B97563F}.Release|Any CPU.Build.0 = Release|Any CPU
		{CC36478D-484E-4AEA-A2B7-EEA685D2647E}.Debug|Any CPU.ActiveCfg = Debug|Any CPU
		{CC36478D-484E-4AEA-A2B7-EEA685D2647E}.Debug|Any CPU.Build.0 = Debug|Any CPU
		{CC36478D-484E-4AEA-A2B7-EEA685D2647E}.Release|Any CPU.ActiveCfg = Release|Any CPU
		{CC36478D-484E-4AEA-A2B7-EEA685D2647E}.Release|Any CPU.Build.0 = Release|Any CPU
		{9E7132C4-A968-4E57-9300-8454BDCFB54E}.Debug|Any CPU.ActiveCfg = Debug|Any CPU
		{9E7132C4-A968-4E57-9300-8454BDCFB54E}.Debug|Any CPU.Build.0 = Debug|Any CPU
		{9E7132C4-A968-4E57-9300-8454BDCFB54E}.Release|Any CPU.ActiveCfg = Release|Any CPU
		{9E7132C4-A968-4E57-9300-8454BDCFB54E}.Release|Any CPU.Build.0 = Release|Any CPU
	EndGlobalSection
EndGlobal
